# THIS IS AN AUTOGENERATED FILE. DO NOT EDIT THIS FILE DIRECTLY.
# yarn lockfile v1


babel-runtime@^6.26.0:
  version "6.26.0"
  resolved "https://registry.yarnpkg.com/babel-runtime/-/babel-runtime-6.26.0.tgz#965c7058668e82b55d7bfe04ff2337bc8b5647fe"
  integrity sha1-llxwWGaOgrVde/4E/yM3vItWR/4=
  dependencies:
    core-js "^2.4.0"
    regenerator-runtime "^0.11.0"

core-js@^2.4.0:
  version "2.6.12"
  resolved "https://registry.yarnpkg.com/core-js/-/core-js-2.6.12.tgz#d9333dfa7b065e347cc5682219d6f690859cc2ec"
  integrity sha512-Kb2wC0fvsWfQrgk8HU5lW6U/Lcs8+9aaYcy4ZFc6DDlo4nZ7n70dEgE5rtR0oG6ufKDUnrwfWL1mXR5ljDatrQ==

marker-clusterer-plus@^2.1.4:
  version "2.1.4"
  resolved "https://registry.yarnpkg.com/marker-clusterer-plus/-/marker-clusterer-plus-2.1.4.tgz#f8eff74d599dab3b7d0e3fed5264ea0e704f5d67"
  integrity sha1-+O/3TVmdqzt9Dj/tUmTqDnBPXWc=

regenerator-runtime@^0.11.0:
  version "0.11.1"
  resolved "https://registry.yarnpkg.com/regenerator-runtime/-/regenerator-runtime-0.11.1.tgz#be05ad7f9bf7d22e056f9726cee5017fbf19e2e9"
  integrity sha512-MguG95oij0fC3QV3URf4V2SDYGJhJnJGqvIIgdECeODCT98wSWDAJ94SSuVpYQUoTcGUIL6L4yNB7j1DFFHSBg==

vue-apple-signin@^0.1.2:
  version "0.1.2"
  resolved "https://registry.yarnpkg.com/vue-apple-signin/-/vue-apple-signin-0.1.2.tgz#1bdf2e245e0a351a15392c00115369bc3a44cf06"
  integrity sha512-8ceeZlHZleIaJ3LFRxWCG+FXsaFUlNn98R2JoN7xnAqWgnobgT4IcvjwV9U+eYw1eRYLN3WezD7miYz6tNdgNA==

vue2-google-maps@^0.10.7:
  version "0.10.7"
  resolved "https://registry.yarnpkg.com/vue2-google-maps/-/vue2-google-maps-0.10.7.tgz#2e4c1239386001bd47777d8c6a0475e5320cc3a8"
  integrity sha512-y5aBJTAsfGvpsbfgPaeWU7o7QbOeINZKsP6SB9qrBe8U8EYBFO/bTWo3rcMq/NOtgT/XssV3Nwg/2u3no6jWbw==
  dependencies:
    babel-runtime "^6.26.0"
    marker-clusterer-plus "^2.1.4"
